// !$*UTF8*$!
{
	archiveVersion = 1;
	classes = {
	};
	objectVersion = 48;
	objects = {

/* Begin PBXBuildFile section */
		58BC8E19202D531D007EC314 /* AppDelegate.m in Sources */ = {isa = PBXBuildFile; fileRef = 58BC8E18202D531D007EC314 /* AppDelegate.m */; };
		58BC8E1C202D531D007EC314 /* ViewController.m in Sources */ = {isa = PBXBuildFile; fileRef = 58BC8E1B202D531D007EC314 /* ViewController.m */; };
		58BC8E1F202D531D007EC314 /* Main.storyboard in Resources */ = {isa = PBXBuildFile; fileRef = 58BC8E1D202D531D007EC314 /* Main.storyboard */; };
		58BC8E21202D531D007EC314 /* Assets.xcassets in Resources */ = {isa = PBXBuildFile; fileRef = 58BC8E20202D531D007EC314 /* Assets.xcassets */; };
		58BC8E24202D531D007EC314 /* LaunchScreen.storyboard in Resources */ = {isa = PBXBuildFile; fileRef = 58BC8E22202D531D007EC314 /* LaunchScreen.storyboard */; };
		58BC8E27202D531D007EC314 /* main.m in Sources */ = {isa = PBXBuildFile; fileRef = 58BC8E26202D531D007EC314 /* main.m */; };
		58BC8E36202D7475007EC314 /* IXOutsideTouchView.m in Sources */ = {isa = PBXBuildFile; fileRef = 58BC8E2F202D7475007EC314 /* IXOutsideTouchView.m */; };
		58BC8E37202D7475007EC314 /* NSObject+IXExtension.m in Sources */ = {isa = PBXBuildFile; fileRef = 58BC8E31202D7475007EC314 /* NSObject+IXExtension.m */; };
		58BC8E38202D7475007EC314 /* UIBarButtonItem+IXExtension.m in Sources */ = {isa = PBXBuildFile; fileRef = 58BC8E33202D7475007EC314 /* UIBarButtonItem+IXExtension.m */; };
		58BC8E39202D7475007EC314 /* UINavigationBar+IXTouch.m in Sources */ = {isa = PBXBuildFile; fileRef = 58BC8E35202D7475007EC314 /* UINavigationBar+IXTouch.m */; };
/* End PBXBuildFile section */

/* Begin PBXFileReference section */
		58BC8E14202D531D007EC314 /* Example.app */ = {isa = PBXFileReference; explicitFileType = wrapper.application; includeInIndex = 0; path = Example.app; sourceTree = BUILT_PRODUCTS_DIR; };
		58BC8E17202D531D007EC314 /* AppDelegate.h */ = {isa = PBXFileReference; lastKnownFileType = sourcecode.c.h; path = AppDelegate.h; sourceTree = "<group>"; };
		58BC8E18202D531D007EC314 /* AppDelegate.m */ = {isa = PBXFileReference; lastKnownFileType = sourcecode.c.objc; path = AppDelegate.m; sourceTree = "<group>"; };
		58BC8E1A202D531D007EC314 /* ViewController.h */ = {isa = PBXFileReference; lastKnownFileType = sourcecode.c.h; path = ViewController.h; sourceTree = "<group>"; };
		58BC8E1B202D531D007EC314 /* ViewController.m */ = {isa = PBXFileReference; lastKnownFileType = sourcecode.c.objc; path = ViewController.m; sourceTree = "<group>"; };
		58BC8E1E202D531D007EC314 /* Base */ = {isa = PBXFileReference; lastKnownFileType = file.storyboard; name = Base; path = Base.lproj/Main.storyboard; sourceTree = "<group>"; };
		58BC8E20202D531D007EC314 /* Assets.xcassets */ = {isa = PBXFileReference; lastKnownFileType = folder.assetcatalog; path = Assets.xcassets; sourceTree = "<group>"; };
		58BC8E23202D531D007EC314 /* Base */ = {isa = PBXFileReference; lastKnownFileType = file.storyboard; name = Base; path = Base.lproj/LaunchScreen.storyboard; sourceTree = "<group>"; };
		58BC8E25202D531D007EC314 /* Info.plist */ = {isa = PBXFileReference; lastKnownFileType = text.plist.xml; path = Info.plist; sourceTree = "<group>"; };
		58BC8E26202D531D007EC314 /* main.m */ = {isa = PBXFileReference; lastKnownFileType = sourcecode.c.objc; path = main.m; sourceTree = "<group>"; };
		58BC8E2E202D7475007EC314 /* IXOutsideTouchView.h */ = {isa = PBXFileReference; fileEncoding = 4; lastKnownFileType = sourcecode.c.h; path = IXOutsideTouchView.h; sourceTree = "<group>"; };
		58BC8E2F202D7475007EC314 /* IXOutsideTouchView.m */ = {isa = PBXFileReference; fileEncoding = 4; lastKnownFileType = sourcecode.c.objc; path = IXOutsideTouchView.m; sourceTree = "<group>"; };
		58BC8E30202D7475007EC314 /* NSObject+IXExtension.h */ = {isa = PBXFileReference; fileEncoding = 4; lastKnownFileType = sourcecode.c.h; path = "NSObject+IXExtension.h"; sourceTree = "<group>"; };
		58BC8E31202D7475007EC314 /* NSObject+IXExtension.m */ = {isa = PBXFileReference; fileEncoding = 4; lastKnownFileType = sourcecode.c.objc; path = "NSObject+IXExtension.m"; sourceTree = "<group>"; };
		58BC8E32202D7475007EC314 /* UIBarButtonItem+IXExtension.h */ = {isa = PBXFileReference; fileEncoding = 4; lastKnownFileType = sourcecode.c.h; path = "UIBarButtonItem+IXExtension.h"; sourceTree = "<group>"; };
		58BC8E33202D7475007EC314 /* UIBarButtonItem+IXExtension.m */ = {isa = PBXFileReference; fileEncoding = 4; lastKnownFileType = sourcecode.c.objc; path = "UIBarButtonItem+IXExtension.m"; sourceTree = "<group>"; };
		58BC8E34202D7475007EC314 /* UINavigationBar+IXTouch.h */ = {isa = PBXFileReference; fileEncoding = 4; lastKnownFileType = sourcecode.c.h; path = "UINavigationBar+IXTouch.h"; sourceTree = "<group>"; };
		58BC8E35202D7475007EC314 /* UINavigationBar+IXTouch.m */ = {isa = PBXFileReference; fileEncoding = 4; lastKnownFileType = sourcecode.c.objc; path = "UINavigationBar+IXTouch.m"; sourceTree = "<group>"; };
/* End PBXFileReference section */

/* Begin PBXFrameworksBuildPhase section */
		58BC8E11202D531D007EC314 /* Frameworks */ = {
			isa = PBXFrameworksBuildPhase;
			buildActionMask = 2147483647;
			files = (
			);
			runOnlyForDeploymentPostprocessing = 0;
		};
/* End PBXFrameworksBuildPhase section */

/* Begin PBXGroup section */
		58BC8E0B202D531D007EC314 = {
			isa = PBXGroup;
			children = (
				58BC8E16202D531D007EC314 /* Example */,
				58BC8E15202D531D007EC314 /* Products */,
			);
			sourceTree = "<group>";
		};
		58BC8E15202D531D007EC314 /* Products */ = {
			isa = PBXGroup;
			children = (
				58BC8E14202D531D007EC314 /* Example.app */,
			);
			name = Products;
			sourceTree = "<group>";
		};
		58BC8E16202D531D007EC314 /* Example */ = {
			isa = PBXGroup;
			children = (
				58BC8E2D202D7475007EC314 /* Classes */,
				58BC8E17202D531D007EC314 /* AppDelegate.h */,
				58BC8E18202D531D007EC314 /* AppDelegate.m */,
				58BC8E1A202D531D007EC314 /* ViewController.h */,
				58BC8E1B202D531D007EC314 /* ViewController.m */,
				58BC8E1D202D531D007EC314 /* Main.storyboard */,
				58BC8E20202D531D007EC314 /* Assets.xcassets */,
				58BC8E22202D531D007EC314 /* LaunchScreen.storyboard */,
				58BC8E25202D531D007EC314 /* Info.plist */,
				58BC8E26202D531D007EC314 /* main.m */,
			);
			path = Example;
			sourceTree = "<group>";
		};
		58BC8E2D202D7475007EC314 /* Classes */ = {
			isa = PBXGroup;
			children = (
				58BC8E2E202D7475007EC314 /* IXOutsideTouchView.h */,
				58BC8E2F202D7475007EC314 /* IXOutsideTouchView.m */,
				58BC8E30202D7475007EC314 /* NSObject+IXExtension.h */,
				58BC8E31202D7475007EC314 /* NSObject+IXExtension.m */,
				58BC8E32202D7475007EC314 /* UIBarButtonItem+IXExtension.h */,
				58BC8E33202D7475007EC314 /* UIBarButtonItem+IXExtension.m */,
				58BC8E34202D7475007EC314 /* UINavigationBar+IXTouch.h */,
				58BC8E35202D7475007EC314 /* UINavigationBar+IXTouch.m */,
			);
			name = Classes;
			path = ../../Classes;
			sourceTree = "<group>";
		};
/* End PBXGroup section */

/* Begin PBXNativeTarget section */
		58BC8E13202D531D007EC314 /* Example */ = {
			isa = PBXNativeTarget;
			buildConfigurationList = 58BC8E2A202D531D007EC314 /* Build configuration list for PBXNativeTarget "Example" */;
			buildPhases = (
				58BC8E10202D531D007EC314 /* Sources */,
				58BC8E11202D531D007EC314 /* Frameworks */,
				58BC8E12202D531D007EC314 /* Resources */,
			);
			buildRules = (
			);
			dependencies = (
			);
			name = Example;
			productName = Example;
			productReference = 58BC8E14202D531D007EC314 /* Example.app */;
			productType = "com.apple.product-type.application";
		};
/* End PBXNativeTarget section */

/* Begin PBXProject section */
		58BC8E0C202D531D007EC314 /* Project object */ = {
			isa = PBXProject;
			attributes = {
				LastUpgradeCheck = 0910;
				ORGANIZATIONNAME = ShannonChen;
				TargetAttributes = {
					58BC8E13202D531D007EC314 = {
						CreatedOnToolsVersion = 9.1;
						ProvisioningStyle = Automatic;
					};
				};
			};
			buildConfigurationList = 58BC8E0F202D531D007EC314 /* Build configuration list for PBXProject "Example" */;
			compatibilityVersion = "Xcode 8.0";
			developmentRegion = en;
			hasScannedForEncodings = 0;
			knownRegions = (
				en,
				Base,
			);
			mainGroup = 58BC8E0B202D531D007EC314;
			productRefGroup = 58BC8E15202D531D007EC314 /* Products */;
			projectDirPath = "";
			projectRoot = "";
			targets = (
				58BC8E13202D531D007EC314 /* Example */,
			);
		};
/* End PBXProject section */

/* Begin PBXResourcesBuildPhase section */
		58BC8E12202D531D007EC314 /* Resources */ = {
			isa = PBXResourcesBuildPhase;
			buildActionMask = 2147483647;
			files = (
				58BC8E24202D531D007EC314 /* LaunchScreen.storyboard in Resources */,
				58BC8E21202D531D007EC314 /* Assets.xcassets in Resources */,
				58BC8E1F202D531D007EC314 /* Main.storyboard in Resources */,
			);
			runOnlyForDeploymentPostprocessing = 0;
		};
/* End PBXResourcesBuildPhase section */

/* Begin PBXSourcesBuildPhase section */
		58BC8E10202D531D007EC314 /* Sources */ = {
			isa = PBXSourcesBuildPhase;
			buildActionMask = 2147483647;
			files = (
				58BC8E1C202D531D007EC314 /* ViewController.m in Sources */,
				58BC8E37202D7475007EC314 /* NSObject+IXExtension.m in Sources */,
				58BC8E27202D531D007EC314 /* main.m in Sources */,
				58BC8E39202D7475007EC314 /* UINavigationBar+IXTouch.m in Sources */,
				58BC8E19202D531D007EC314 /* AppDelegate.m in Sources */,
				58BC8E36202D7475007EC314 /* IXOutsideTouchView.m in Sources */,
				58BC8E38202D7475007EC314 /* UIBarButtonItem+IXExtension.m in Sources */,
			);
			runOnlyForDeploymentPostprocessing = 0;
		};
/* End PBXSourcesBuildPhase section */

/* Begin PBXVariantGroup section */
		58BC8E1D202D531D007EC314 /* Main.storyboard */ = {
			isa = PBXVariantGroup;
			children = (
				58BC8E1E202D531D007EC314 /* Base */,
			);
			name = Main.storyboard;
			sourceTree = "<group>";
		};
		58BC8E22202D531D007EC314 /* LaunchScreen.storyboard */ = {
			isa = PBXVariantGroup;
			children = (
				58BC8E23202D531D007EC314 /* Base */,
			);
			name = LaunchScreen.storyboard;
			sourceTree = "<group>";
		};
/* End PBXVariantGroup section */

/* Begin XCBuildConfiguration section */
		58BC8E28202D531D007EC314 /* Debug */ = {
			isa = XCBuildConfiguration;
			buildSettings = {
				ALWAYS_SEARCH_USER_PATHS = NO;
				CLANG_ANALYZER_NONNULL = YES;
				CLANG_ANALYZER_NUMBER_OBJECT_CONVERSION = YES_AGGRESSIVE;
				CLANG_CXX_LANGUAGE_STANDARD = "gnu++14";
				CLANG_CXX_LIBRARY = "libc++";
				CLANG_ENABLE_MODULES = YES;
				CLANG_ENABLE_OBJC_ARC = YES;
				CLANG_WARN_BLOCK_CAPTURE_AUTORELEASING = YES;
				CLANG_WARN_BOOL_CONVERSION = YES;
				CLANG_WARN_COMMA = YES;
				CLANG_WARN_CONSTANT_CONVERSION = YES;
				CLANG_WARN_DIRECT_OBJC_ISA_USAGE = YES_ERROR;
				CLANG_WARN_DOCUMENTATION_COMMENTS = YES;
				CLANG_WARN_EMPTY_BODY = YES;
				CLANG_WARN_ENUM_CONVERSION = YES;
				CLANG_WARN_INFINITE_RECURSION = YES;
				CLANG_WARN_INT_CONVERSION = YES;
				CLANG_WARN_NON_LITERAL_NULL_CONVERSION = YES;
				CLANG_WARN_OBJC_LITERAL_CONVERSION = YES;
				CLANG_WARN_OBJC_ROOT_CLASS = YES_ERROR;
				CLANG_WARN_RANGE_LOOP_ANALYSIS = YES;
				CLANG_WARN_STRICT_PROTOTYPES = YES;
				CLANG_WARN_SUSPICIOUS_MOVE = YES;
				CLANG_WARN_UNGUARDED_AVAILABILITY = YES_AGGRESSIVE;
				CLANG_WARN_UNREACHABLE_CODE = YES;
				CLANG_WARN__DUPLICATE_METHOD_MATCH = YES;
				CODE_SIGN_IDENTITY = "iPhone Developer";
				COPY_PHASE_STRIP = NO;
				DEBUG_INFORMATION_FORMAT = dwarf;
				ENABLE_STRICT_OBJC_MSGSEND = YES;
				ENABLE_TESTABILITY = YES;
				GCC_C_LANGUAGE_STANDARD = gnu11;
				GCC_DYNAMIC_NO_PIC = NO;
				GCC_NO_COMMON_BLOCKS = YES;
				GCC_OPTIMIZATION_LEVEL = 0;
				GCC_PREPROCESSOR_DEFINITIONS = (
					"DEBUG=1",
					"$(inherited)",
				);
				GCC_WARN_64_TO_32_BIT_CONVERSION = YES;
				GCC_WARN_ABOUT_RETURN_TYPE = YES_ERROR;
				GCC_WARN_UNDECLARED_SELECTOR = YES;
				GCC_WARN_UNINITIALIZED_AUTOS = YES_AGGRESSIVE;
				GCC_WARN_UNUSED_FUNCTION = YES;
				GCC_WARN_UNUSED_VARIABLE = YES;
				IPHONEOS_DEPLOYMENT_TARGET = 11.1;
				MTL_ENABLE_DEBUG_INFO = YES;
				ONLY_ACTIVE_ARCH = YES;
				SDKROOT = iphoneos;
			};
			name = Debug;
		};
		58BC8E29202D531D007EC314 /* Release */ = {
			isa = XCBuildConfiguration;
			buildSettings = {
				ALWAYS_SEARCH_USER_PATHS = NO;
				CLANG_ANALYZER_NONNULL = YES;
				CLANG_ANALYZER_NUMBER_OBJECT_CONVERSION = YES_AGGRESSIVE;
				CLANG_CXX_LANGUAGE_STANDARD = "gnu++14";
				CLANG_CXX_LIBRARY = "libc++";
				CLANG_ENABLE_MODULES = YES;
				CLANG_ENABLE_OBJC_ARC = YES;
				CLANG_WARN_BLOCK_CAPTURE_AUTORELEASING = YES;
				CLANG_WARN_BOOL_CONVERSION = YES;
				CLANG_WARN_COMMA = YES;
				CLANG_WARN_CONSTANT_CONVERSION = YES;
				CLANG_WARN_DIRECT_OBJC_ISA_USAGE = YES_ERROR;
				CLANG_WARN_DOCUMENTATION_COMMENTS = YES;
				CLANG_WARN_EMPTY_BODY = YES;
				CLANG_WARN_ENUM_CONVERSION = YES;
				CLANG_WARN_INFINITE_RECURSION = YES;
				CLANG_WARN_INT_CONVERSION = YES;
				CLANG_WARN_NON_LITERAL_NULL_CONVERSION = YES;
				CLANG_WARN_OBJC_LITERAL_CONVERSION = YES;
				CLANG_WARN_OBJC_ROOT_CLASS = YES_ERROR;
				CLANG_WARN_RANGE_LOOP_ANALYSIS = YES;
				CLANG_WARN_STRICT_PROTOTYPES = YES;
				CLANG_WARN_SUSPICIOUS_MOVE = YES;
				CLANG_WARN_UNGUARDED_AVAILABILITY = YES_AGGRESSIVE;
				CLANG_WARN_UNREACHABLE_CODE = YES;
				CLANG_WARN__DUPLICATE_METHOD_MATCH = YES;
				CODE_SIGN_IDENTITY = "iPhone Developer";
				COPY_PHASE_STRIP = NO;
				DEBUG_INFORMATION_FORMAT = "dwarf-with-dsym";
				ENABLE_NS_ASSERTIONS = NO;
				ENABLE_STRICT_OBJC_MSGSEND = YES;
				GCC_C_LANGUAGE_STANDARD = gnu11;
				GCC_NO_COMMON_BLOCKS = YES;
				GCC_WARN_64_TO_32_BIT_CONVERSION = YES;
				GCC_WARN_ABOUT_RETURN_TYPE = YES_ERROR;
				GCC_WARN_UNDECLARED_SELECTOR = YES;
				GCC_WARN_UNINITIALIZED_AUTOS = YES_AGGRESSIVE;
				GCC_WARN_UNUSED_FUNCTION = YES;
				GCC_WARN_UNUSED_VARIABLE = YES;
				IPHONEOS_DEPLOYMENT_TARGET = 11.1;
				MTL_ENABLE_DEBUG_INFO = NO;
				SDKROOT = iphoneos;
				VALIDATE_PRODUCT = YES;
			};
			name = Release;
		};
		58BC8E2B202D531D007EC314 /* Debug */ = {
			isa = XCBuildConfiguration;
			buildSettings = {
				ASSETCATALOG_COMPILER_APPICON_NAME = AppIcon;
				CODE_SIGN_STYLE = Automatic;
				DEVELOPMENT_TEAM = 38K2TJBGY2;
				INFOPLIST_FILE = Example/Info.plist;
				IPHONEOS_DEPLOYMENT_TARGET = 8.0;
				LD_RUNPATH_SEARCH_PATHS = "$(inherited) @executable_path/Frameworks";
				PRODUCT_BUNDLE_IDENTIFIER = com.shannon.com.Example;
				PRODUCT_NAME = "$(TARGET_NAME)";
				TARGETED_DEVICE_FAMILY = "1,2";
			};
			name = Debug;
		};
		58BC8E2C202D531D007EC314 /* Release */ = {
			isa = XCBuildConfiguration;
			buildSettings = {
				ASSETCATALOG_COMPILER_APPICON_NAME = AppIcon;
				CODE_SIGN_STYLE = Automatic;
				DEVELOPMENT_TEAM = 38K2TJBGY2;
				INFOPLIST_FILE = Example/Info.plist;
				IPHONEOS_DEPLOYMENT_TARGET = 8.0;
				LD_RUNPATH_SEARCH_PATHS = "$(inherited) @executable_path/Frameworks";
				PRODUCT_BUNDLE_IDENTIFIER = com.shannon.com.Example;
				PRODUCT_NAME = "$(TARGET_NAME)";
				TARGETED_DEVICE_FAMILY = "1,2";
			};
			name = Release;
		};
/* End XCBuildConfiguration section */

/* Begin XCConfigurationList section */
		58BC8E0F202D531D007EC314 /* Build configuration list for PBXProject "Example" */ = {
			isa = XCConfigurationList;
			buildConfigurations = (
				58BC8E28202D531D007EC314 /* Debug */,
				58BC8E29202D531D007EC314 /* Release */,
			);
			defaultConfigurationIsVisible = 0;
			defaultConfigurationName = Release;
		};
		58BC8E2A202D531D007EC314 /* Build configuration list for PBXNativeTarget "Example" */ = {
			isa = XCConfigurationList;
			buildConfigurations = (
				58BC8E2B202D531D007EC314 /* Debug */,
				58BC8E2C202D531D007EC314 /* Release */,
			);
			defaultConfigurationIsVisible = 0;
			defaultConfigurationName = Release;
		};
/* End XCConfigurationList section */
	};
	rootObject = 58BC8E0C202D531D007EC314 /* Project object */;
}
